
Microsoft Visual Studio Solution File, Format Version 12.00
# Visual Studio Version 16
VisualStudioVersion = 16.0.30413.136
MinimumVisualStudioVersion = 10.0.40219.1
Project("{FAE04EC0-301F-11D3-BF4B-00C04F79EFBC}") = "GitHub Demo", "GitHub Demo\GitHub Demo.csproj", "{3BFD3D9D-A215-40A5-B283-0153ACA9744C}"
EndProject
Global
	GlobalSection(SolutionConfigurationPlatforms) = preSolution
		Debug|Any CPU = Debug|Any CPU
		Release|Any CPU = Release|Any CPU
	EndGlobalSection
	GlobalSection(ProjectConfigurationPlatforms) = postSolution
		{3BFD3D9D-A215-40A5-B283-0153ACA9744C}.Debug|Any CPU.ActiveCfg = Debug|Any CPU
		{3BFD3D9D-A215-40A5-B283-0153ACA9744C}.Debug|Any CPU.Build.0 = Debug|Any CPU
		{3BFD3D9D-A215-40A5-B283-0153ACA9744C}.Release|Any CPU.ActiveCfg = Release|Any CPU
		{3BFD3D9D-A215-40A5-B283-0153ACA9744C}.Release|Any CPU.Build.0 = Release|Any CPU
	EndGlobalSection
	GlobalSection(SolutionProperties) = preSolution
		HideSolutionNode = FALSE
	EndGlobalSection
	GlobalSection(ExtensibilityGlobals) = postSolution
		SolutionGuid = {390CCD02-9BA7-4C48-8C3B-08FFCB501A05}
	EndGlobalSection
EndGlobal
